
Microsoft Visual Studio Solution File, Format Version 10.00
# Visual Studio 2008
Project("{FAE04EC0-301F-11D3-BF4B-00C04F79EFBC}") = "Hanselminutes", "Hanselminutes.csproj", "{9F4A73B8-F22A-44EA-A811-5D8260DD8532}"
EndProject
Global
	GlobalSection(SolutionConfigurationPlatforms) = preSolution
		Debug|iPhoneSimulator = Debug|iPhoneSimulator
		Release|iPhoneSimulator = Release|iPhoneSimulator
		Debug|iPhone = Debug|iPhone
		Release|iPhone = Release|iPhone
	EndGlobalSection
	GlobalSection(ProjectConfigurationPlatforms) = postSolution
		{9F4A73B8-F22A-44EA-A811-5D8260DD8532}.Debug|iPhone.ActiveCfg = Debug|iPhone
		{9F4A73B8-F22A-44EA-A811-5D8260DD8532}.Debug|iPhone.Build.0 = Debug|iPhone
		{9F4A73B8-F22A-44EA-A811-5D8260DD8532}.Debug|iPhoneSimulator.ActiveCfg = Debug|iPhoneSimulator
		{9F4A73B8-F22A-44EA-A811-5D8260DD8532}.Debug|iPhoneSimulator.Build.0 = Debug|iPhoneSimulator
		{9F4A73B8-F22A-44EA-A811-5D8260DD8532}.Release|iPhone.ActiveCfg = Release|iPhone
		{9F4A73B8-F22A-44EA-A811-5D8260DD8532}.Release|iPhone.Build.0 = Release|iPhone
		{9F4A73B8-F22A-44EA-A811-5D8260DD8532}.Release|iPhoneSimulator.ActiveCfg = Release|iPhoneSimulator
		{9F4A73B8-F22A-44EA-A811-5D8260DD8532}.Release|iPhoneSimulator.Build.0 = Release|iPhoneSimulator
	EndGlobalSection
	GlobalSection(MonoDevelopProperties) = preSolution
		StartupItem = Hanselminutes.csproj
	EndGlobalSection
EndGlobal
